// !$*UTF8*$!
{
	archiveVersion = 1;
	classes = {
	};
	objectVersion = 46;
	objects = {

/* Begin PBXBuildFile section */
		BC339B901E7700D800ADA2E9 /* AppDelegate.swift in Sources */ = {isa = PBXBuildFile; fileRef = BC339B8F1E7700D800ADA2E9 /* AppDelegate.swift */; };
		BC339B921E7700D800ADA2E9 /* ViewController.swift in Sources */ = {isa = PBXBuildFile; fileRef = BC339B911E7700D800ADA2E9 /* ViewController.swift */; };
		BC339B951E7700D800ADA2E9 /* Main.storyboard in Resources */ = {isa = PBXBuildFile; fileRef = BC339B931E7700D800ADA2E9 /* Main.storyboard */; };
		BC339B971E7700D800ADA2E9 /* Assets.xcassets in Resources */ = {isa = PBXBuildFile; fileRef = BC339B961E7700D800ADA2E9 /* Assets.xcassets */; };
		BC339B9A1E7700D800ADA2E9 /* LaunchScreen.storyboard in Resources */ = {isa = PBXBuildFile; fileRef = BC339B981E7700D800ADA2E9 /* LaunchScreen.storyboard */; };
		BC339BA51E7700D800ADA2E9 /* TacoPOPTests.swift in Sources */ = {isa = PBXBuildFile; fileRef = BC339BA41E7700D800ADA2E9 /* TacoPOPTests.swift */; };
/* End PBXBuildFile section */

/* Begin PBXContainerItemProxy section */
		BC339BA11E7700D800ADA2E9 /* PBXContainerItemProxy */ = {
			isa = PBXContainerItemProxy;
			containerPortal = BC339B841E7700D700ADA2E9 /* Project object */;
			proxyType = 1;
			remoteGlobalIDString = BC339B8B1E7700D700ADA2E9;
			remoteInfo = TacoPOP;
		};
/* End PBXContainerItemProxy section */

/* Begin PBXFileReference section */
		BC339B8C1E7700D800ADA2E9 /* TacoPOP.app */ = {isa = PBXFileReference; explicitFileType = wrapper.application; includeInIndex = 0; path = TacoPOP.app; sourceTree = BUILT_PRODUCTS_DIR; };
		BC339B8F1E7700D800ADA2E9 /* AppDelegate.swift */ = {isa = PBXFileReference; lastKnownFileType = sourcecode.swift; path = AppDelegate.swift; sourceTree = "<group>"; };
		BC339B911E7700D800ADA2E9 /* ViewController.swift */ = {isa = PBXFileReference; lastKnownFileType = sourcecode.swift; path = ViewController.swift; sourceTree = "<group>"; };
		BC339B941E7700D800ADA2E9 /* Base */ = {isa = PBXFileReference; lastKnownFileType = file.storyboard; name = Base; path = Base.lproj/Main.storyboard; sourceTree = "<group>"; };
		BC339B961E7700D800ADA2E9 /* Assets.xcassets */ = {isa = PBXFileReference; lastKnownFileType = folder.assetcatalog; path = Assets.xcassets; sourceTree = "<group>"; };
		BC339B991E7700D800ADA2E9 /* Base */ = {isa = PBXFileReference; lastKnownFileType = file.storyboard; name = Base; path = Base.lproj/LaunchScreen.storyboard; sourceTree = "<group>"; };
		BC339B9B1E7700D800ADA2E9 /* Info.plist */ = {isa = PBXFileReference; lastKnownFileType = text.plist.xml; path = Info.plist; sourceTree = "<group>"; };
		BC339BA01E7700D800ADA2E9 /* TacoPOPTests.xctest */ = {isa = PBXFileReference; explicitFileType = wrapper.cfbundle; includeInIndex = 0; path = TacoPOPTests.xctest; sourceTree = BUILT_PRODUCTS_DIR; };
		BC339BA41E7700D800ADA2E9 /* TacoPOPTests.swift */ = {isa = PBXFileReference; lastKnownFileType = sourcecode.swift; path = TacoPOPTests.swift; sourceTree = "<group>"; };
		BC339BA61E7700D800ADA2E9 /* Info.plist */ = {isa = PBXFileReference; lastKnownFileType = text.plist.xml; path = Info.plist; sourceTree = "<group>"; };
/* End PBXFileReference section */

/* Begin PBXFrameworksBuildPhase section */
		BC339B891E7700D700ADA2E9 /* Frameworks */ = {
			isa = PBXFrameworksBuildPhase;
			buildActionMask = 2147483647;
			files = (
			);
			runOnlyForDeploymentPostprocessing = 0;
		};
		BC339B9D1E7700D800ADA2E9 /* Frameworks */ = {
			isa = PBXFrameworksBuildPhase;
			buildActionMask = 2147483647;
			files = (
			);
			runOnlyForDeploymentPostprocessing = 0;
		};
/* End PBXFrameworksBuildPhase section */

/* Begin PBXGroup section */
		BC339B831E7700D700ADA2E9 = {
			isa = PBXGroup;
			children = (
				BC339B8E1E7700D800ADA2E9 /* TacoPOP */,
				BC339BA31E7700D800ADA2E9 /* TacoPOPTests */,
				BC339B8D1E7700D800ADA2E9 /* Products */,
			);
			sourceTree = "<group>";
		};
		BC339B8D1E7700D800ADA2E9 /* Products */ = {
			isa = PBXGroup;
			children = (
				BC339B8C1E7700D800ADA2E9 /* TacoPOP.app */,
				BC339BA01E7700D800ADA2E9 /* TacoPOPTests.xctest */,
			);
			name = Products;
			sourceTree = "<group>";
		};
		BC339B8E1E7700D800ADA2E9 /* TacoPOP */ = {
			isa = PBXGroup;
			children = (
				BC339B8F1E7700D800ADA2E9 /* AppDelegate.swift */,
				BC339B911E7700D800ADA2E9 /* ViewController.swift */,
				BC339B931E7700D800ADA2E9 /* Main.storyboard */,
				BC339B961E7700D800ADA2E9 /* Assets.xcassets */,
				BC339B981E7700D800ADA2E9 /* LaunchScreen.storyboard */,
				BC339B9B1E7700D800ADA2E9 /* Info.plist */,
			);
			path = TacoPOP;
			sourceTree = "<group>";
		};
		BC339BA31E7700D800ADA2E9 /* TacoPOPTests */ = {
			isa = PBXGroup;
			children = (
				BC339BA41E7700D800ADA2E9 /* TacoPOPTests.swift */,
				BC339BA61E7700D800ADA2E9 /* Info.plist */,
			);
			path = TacoPOPTests;
			sourceTree = "<group>";
		};
/* End PBXGroup section */

/* Begin PBXNativeTarget section */
		BC339B8B1E7700D700ADA2E9 /* TacoPOP */ = {
			isa = PBXNativeTarget;
			buildConfigurationList = BC339BA91E7700D800ADA2E9 /* Build configuration list for PBXNativeTarget "TacoPOP" */;
			buildPhases = (
				BC339B881E7700D700ADA2E9 /* Sources */,
				BC339B891E7700D700ADA2E9 /* Frameworks */,
				BC339B8A1E7700D700ADA2E9 /* Resources */,
			);
			buildRules = (
			);
			dependencies = (
			);
			name = TacoPOP;
			productName = TacoPOP;
			productReference = BC339B8C1E7700D800ADA2E9 /* TacoPOP.app */;
			productType = "com.apple.product-type.application";
		};
		BC339B9F1E7700D800ADA2E9 /* TacoPOPTests */ = {
			isa = PBXNativeTarget;
			buildConfigurationList = BC339BAC1E7700D800ADA2E9 /* Build configuration list for PBXNativeTarget "TacoPOPTests" */;
			buildPhases = (
				BC339B9C1E7700D800ADA2E9 /* Sources */,
				BC339B9D1E7700D800ADA2E9 /* Frameworks */,
				BC339B9E1E7700D800ADA2E9 /* Resources */,
			);
			buildRules = (
			);
			dependencies = (
				BC339BA21E7700D800ADA2E9 /* PBXTargetDependency */,
			);
			name = TacoPOPTests;
			productName = TacoPOPTests;
			productReference = BC339BA01E7700D800ADA2E9 /* TacoPOPTests.xctest */;
			productType = "com.apple.product-type.bundle.unit-test";
		};
/* End PBXNativeTarget section */

/* Begin PBXProject section */
		BC339B841E7700D700ADA2E9 /* Project object */ = {
			isa = PBXProject;
			attributes = {
				LastSwiftUpdateCheck = 0820;
				LastUpgradeCheck = 0820;
				ORGANIZATIONNAME = "Carlos Doki";
				TargetAttributes = {
					BC339B8B1E7700D700ADA2E9 = {
						CreatedOnToolsVersion = 8.2.1;
						DevelopmentTeam = 7984M9FF87;
						ProvisioningStyle = Automatic;
					};
					BC339B9F1E7700D800ADA2E9 = {
						CreatedOnToolsVersion = 8.2.1;
						DevelopmentTeam = 7984M9FF87;
						ProvisioningStyle = Automatic;
						TestTargetID = BC339B8B1E7700D700ADA2E9;
					};
				};
			};
			buildConfigurationList = BC339B871E7700D700ADA2E9 /* Build configuration list for PBXProject "TacoPOP" */;
			compatibilityVersion = "Xcode 3.2";
			developmentRegion = English;
			hasScannedForEncodings = 0;
			knownRegions = (
				en,
				Base,
			);
			mainGroup = BC339B831E7700D700ADA2E9;
			productRefGroup = BC339B8D1E7700D800ADA2E9 /* Products */;
			projectDirPath = "";
			projectRoot = "";
			targets = (
				BC339B8B1E7700D700ADA2E9 /* TacoPOP */,
				BC339B9F1E7700D800ADA2E9 /* TacoPOPTests */,
			);
		};
/* End PBXProject section */

/* Begin PBXResourcesBuildPhase section */
		BC339B8A1E7700D700ADA2E9 /* Resources */ = {
			isa = PBXResourcesBuildPhase;
			buildActionMask = 2147483647;
			files = (
				BC339B9A1E7700D800ADA2E9 /* LaunchScreen.storyboard in Resources */,
				BC339B971E7700D800ADA2E9 /* Assets.xcassets in Resources */,
				BC339B951E7700D800ADA2E9 /* Main.storyboard in Resources */,
			);
			runOnlyForDeploymentPostprocessing = 0;
		};
		BC339B9E1E7700D800ADA2E9 /* Resources */ = {
			isa = PBXResourcesBuildPhase;
			buildActionMask = 2147483647;
			files = (
			);
			runOnlyForDeploymentPostprocessing = 0;
		};
/* End PBXResourcesBuildPhase section */

/* Begin PBXSourcesBuildPhase section */
		BC339B881E7700D700ADA2E9 /* Sources */ = {
			isa = PBXSourcesBuildPhase;
			buildActionMask = 2147483647;
			files = (
				BC339B921E7700D800ADA2E9 /* ViewController.swift in Sources */,
				BC339B901E7700D800ADA2E9 /* AppDelegate.swift in Sources */,
			);
			runOnlyForDeploymentPostprocessing = 0;
		};
		BC339B9C1E7700D800ADA2E9 /* Sources */ = {
			isa = PBXSourcesBuildPhase;
			buildActionMask = 2147483647;
			files = (
				BC339BA51E7700D800ADA2E9 /* TacoPOPTests.swift in Sources */,
			);
			runOnlyForDeploymentPostprocessing = 0;
		};
/* End PBXSourcesBuildPhase section */

/* Begin PBXTargetDependency section */
		BC339BA21E7700D800ADA2E9 /* PBXTargetDependency */ = {
			isa = PBXTargetDependency;
			target = BC339B8B1E7700D700ADA2E9 /* TacoPOP */;
			targetProxy = BC339BA11E7700D800ADA2E9 /* PBXContainerItemProxy */;
		};
/* End PBXTargetDependency section */

/* Begin PBXVariantGroup section */
		BC339B931E7700D800ADA2E9 /* Main.storyboard */ = {
			isa = PBXVariantGroup;
			children = (
				BC339B941E7700D800ADA2E9 /* Base */,
			);
			name = Main.storyboard;
			sourceTree = "<group>";
		};
		BC339B981E7700D800ADA2E9 /* LaunchScreen.storyboard */ = {
			isa = PBXVariantGroup;
			children = (
				BC339B991E7700D800ADA2E9 /* Base */,
			);
			name = LaunchScreen.storyboard;
			sourceTree = "<group>";
		};
/* End PBXVariantGroup section */

/* Begin XCBuildConfiguration section */
		BC339BA71E7700D800ADA2E9 /* Debug */ = {
			isa = XCBuildConfiguration;
			buildSettings = {
				ALWAYS_SEARCH_USER_PATHS = NO;
				CLANG_ANALYZER_NONNULL = YES;
				CLANG_CXX_LANGUAGE_STANDARD = "gnu++0x";
				CLANG_CXX_LIBRARY = "libc++";
				CLANG_ENABLE_MODULES = YES;
				CLANG_ENABLE_OBJC_ARC = YES;
				CLANG_WARN_BOOL_CONVERSION = YES;
				CLANG_WARN_CONSTANT_CONVERSION = YES;
				CLANG_WARN_DIRECT_OBJC_ISA_USAGE = YES_ERROR;
				CLANG_WARN_DOCUMENTATION_COMMENTS = YES;
				CLANG_WARN_EMPTY_BODY = YES;
				CLANG_WARN_ENUM_CONVERSION = YES;
				CLANG_WARN_INFINITE_RECURSION = YES;
				CLANG_WARN_INT_CONVERSION = YES;
				CLANG_WARN_OBJC_ROOT_CLASS = YES_ERROR;
				CLANG_WARN_SUSPICIOUS_MOVE = YES;
				CLANG_WARN_UNREACHABLE_CODE = YES;
				CLANG_WARN__DUPLICATE_METHOD_MATCH = YES;
				"CODE_SIGN_IDENTITY[sdk=iphoneos*]" = "iPhone Developer";
				COPY_PHASE_STRIP = NO;
				DEBUG_INFORMATION_FORMAT = dwarf;
				ENABLE_STRICT_OBJC_MSGSEND = YES;
				ENABLE_TESTABILITY = YES;
				GCC_C_LANGUAGE_STANDARD = gnu99;
				GCC_DYNAMIC_NO_PIC = NO;
				GCC_NO_COMMON_BLOCKS = YES;
				GCC_OPTIMIZATION_LEVEL = 0;
				GCC_PREPROCESSOR_DEFINITIONS = (
					"DEBUG=1",
					"$(inherited)",
				);
				GCC_WARN_64_TO_32_BIT_CONVERSION = YES;
				GCC_WARN_ABOUT_RETURN_TYPE = YES_ERROR;
				GCC_WARN_UNDECLARED_SELECTOR = YES;
				GCC_WARN_UNINITIALIZED_AUTOS = YES_AGGRESSIVE;
				GCC_WARN_UNUSED_FUNCTION = YES;
				GCC_WARN_UNUSED_VARIABLE = YES;
				IPHONEOS_DEPLOYMENT_TARGET = 10.2;
				MTL_ENABLE_DEBUG_INFO = YES;
				ONLY_ACTIVE_ARCH = YES;
				SDKROOT = iphoneos;
				SWIFT_ACTIVE_COMPILATION_CONDITIONS = DEBUG;
				SWIFT_OPTIMIZATION_LEVEL = "-Onone";
			};
			name = Debug;
		};
		BC339BA81E7700D800ADA2E9 /* Release */ = {
			isa = XCBuildConfiguration;
			buildSettings = {
				ALWAYS_SEARCH_USER_PATHS = NO;
				CLANG_ANALYZER_NONNULL = YES;
				CLANG_CXX_LANGUAGE_STANDARD = "gnu++0x";
				CLANG_CXX_LIBRARY = "libc++";
				CLANG_ENABLE_MODULES = YES;
				CLANG_ENABLE_OBJC_ARC = YES;
				CLANG_WARN_BOOL_CONVERSION = YES;
				CLANG_WARN_CONSTANT_CONVERSION = YES;
				CLANG_WARN_DIRECT_OBJC_ISA_USAGE = YES_ERROR;
				CLANG_WARN_DOCUMENTATION_COMMENTS = YES;
				CLANG_WARN_EMPTY_BODY = YES;
				CLANG_WARN_ENUM_CONVERSION = YES;
				CLANG_WARN_INFINITE_RECURSION = YES;
				CLANG_WARN_INT_CONVERSION = YES;
				CLANG_WARN_OBJC_ROOT_CLASS = YES_ERROR;
				CLANG_WARN_SUSPICIOUS_MOVE = YES;
				CLANG_WARN_UNREACHABLE_CODE = YES;
				CLANG_WARN__DUPLICATE_METHOD_MATCH = YES;
				"CODE_SIGN_IDENTITY[sdk=iphoneos*]" = "iPhone Developer";
				COPY_PHASE_STRIP = NO;
				DEBUG_INFORMATION_FORMAT = "dwarf-with-dsym";
				ENABLE_NS_ASSERTIONS = NO;
				ENABLE_STRICT_OBJC_MSGSEND = YES;
				GCC_C_LANGUAGE_STANDARD = gnu99;
				GCC_NO_COMMON_BLOCKS = YES;
				GCC_WARN_64_TO_32_BIT_CONVERSION = YES;
				GCC_WARN_ABOUT_RETURN_TYPE = YES_ERROR;
				GCC_WARN_UNDECLARED_SELECTOR = YES;
				GCC_WARN_UNINITIALIZED_AUTOS = YES_AGGRESSIVE;
				GCC_WARN_UNUSED_FUNCTION = YES;
				GCC_WARN_UNUSED_VARIABLE = YES;
				IPHONEOS_DEPLOYMENT_TARGET = 10.2;
				MTL_ENABLE_DEBUG_INFO = NO;
				SDKROOT = iphoneos;
				SWIFT_OPTIMIZATION_LEVEL = "-Owholemodule";
				VALIDATE_PRODUCT = YES;
			};
			name = Release;
		};
		BC339BAA1E7700D800ADA2E9 /* Debug */ = {
			isa = XCBuildConfiguration;
			buildSettings = {
				ASSETCATALOG_COMPILER_APPICON_NAME = AppIcon;
				DEVELOPMENT_TEAM = 7984M9FF87;
				INFOPLIST_FILE = TacoPOP/Info.plist;
				LD_RUNPATH_SEARCH_PATHS = "$(inherited) @executable_path/Frameworks";
				PRODUCT_BUNDLE_IDENTIFIER = com.carlosdoki.TacoPOP;
				PRODUCT_NAME = "$(TARGET_NAME)";
				SWIFT_VERSION = 3.0;
			};
			name = Debug;
		};
		BC339BAB1E7700D800ADA2E9 /* Release */ = {
			isa = XCBuildConfiguration;
			buildSettings = {
				ASSETCATALOG_COMPILER_APPICON_NAME = AppIcon;
				DEVELOPMENT_TEAM = 7984M9FF87;
				INFOPLIST_FILE = TacoPOP/Info.plist;
				LD_RUNPATH_SEARCH_PATHS = "$(inherited) @executable_path/Frameworks";
				PRODUCT_BUNDLE_IDENTIFIER = com.carlosdoki.TacoPOP;
				PRODUCT_NAME = "$(TARGET_NAME)";
				SWIFT_VERSION = 3.0;
			};
			name = Release;
		};
		BC339BAD1E7700D800ADA2E9 /* Debug */ = {
			isa = XCBuildConfiguration;
			buildSettings = {
				ALWAYS_EMBED_SWIFT_STANDARD_LIBRARIES = YES;
				BUNDLE_LOADER = "$(TEST_HOST)";
				DEVELOPMENT_TEAM = 7984M9FF87;
				INFOPLIST_FILE = TacoPOPTests/Info.plist;
				LD_RUNPATH_SEARCH_PATHS = "$(inherited) @executable_path/Frameworks @loader_path/Frameworks";
				PRODUCT_BUNDLE_IDENTIFIER = com.carlosdoki.TacoPOPTests;
				PRODUCT_NAME = "$(TARGET_NAME)";
				SWIFT_VERSION = 3.0;
				TEST_HOST = "$(BUILT_PRODUCTS_DIR)/TacoPOP.app/TacoPOP";
			};
			name = Debug;
		};
		BC339BAE1E7700D800ADA2E9 /* Release */ = {
			isa = XCBuildConfiguration;
			buildSettings = {
				ALWAYS_EMBED_SWIFT_STANDARD_LIBRARIES = YES;
				BUNDLE_LOADER = "$(TEST_HOST)";
				DEVELOPMENT_TEAM = 7984M9FF87;
				INFOPLIST_FILE = TacoPOPTests/Info.plist;
				LD_RUNPATH_SEARCH_PATHS = "$(inherited) @executable_path/Frameworks @loader_path/Frameworks";
				PRODUCT_BUNDLE_IDENTIFIER = com.carlosdoki.TacoPOPTests;
				PRODUCT_NAME = "$(TARGET_NAME)";
				SWIFT_VERSION = 3.0;
				TEST_HOST = "$(BUILT_PRODUCTS_DIR)/TacoPOP.app/TacoPOP";
			};
			name = Release;
		};
/* End XCBuildConfiguration section */

/* Begin XCConfigurationList section */
		BC339B871E7700D700ADA2E9 /* Build configuration list for PBXProject "TacoPOP" */ = {
			isa = XCConfigurationList;
			buildConfigurations = (
				BC339BA71E7700D800ADA2E9 /* Debug */,
				BC339BA81E7700D800ADA2E9 /* Release */,
			);
			defaultConfigurationIsVisible = 0;
			defaultConfigurationName = Release;
		};
		BC339BA91E7700D800ADA2E9 /* Build configuration list for PBXNativeTarget "TacoPOP" */ = {
			isa = XCConfigurationList;
			buildConfigurations = (
				BC339BAA1E7700D800ADA2E9 /* Debug */,
				BC339BAB1E7700D800ADA2E9 /* Release */,
			);
			defaultConfigurationIsVisible = 0;
		};
		BC339BAC1E7700D800ADA2E9 /* Build configuration list for PBXNativeTarget "TacoPOPTests" */ = {
			isa = XCConfigurationList;
			buildConfigurations = (
				BC339BAD1E7700D800ADA2E9 /* Debug */,
				BC339BAE1E7700D800ADA2E9 /* Release */,
			);
			defaultConfigurationIsVisible = 0;
		};
/* End XCConfigurationList section */
	};
	rootObject = BC339B841E7700D700ADA2E9 /* Project object */;
}
